
Microsoft Visual Studio Solution File, Format Version 12.00
Project("{FAE04EC0-301F-11D3-BF4B-00C04F79EFBC}") = "HW2", "HW2\HW2.csproj", "{3F4AE1FB-8362-409A-8E3E-B3E1C0CDA4AA}"
EndProject
Project("{FAE04EC0-301F-11D3-BF4B-00C04F79EFBC}") = "HW2ARRAYQ2", "HW2ARRAYQ2\HW2ARRAYQ2.csproj", "{B726FF96-B28D-4D7E-A61A-479680F1A594}"
EndProject
Project("{FAE04EC0-301F-11D3-BF4B-00C04F79EFBC}") = "HW2ARRAYQ3", "HW2ARRAYQ3\HW2ARRAYQ3.csproj", "{0BFA57C4-1CD5-4831-9A35-F460D330D3BC}"
EndProject
Project("{FAE04EC0-301F-11D3-BF4B-00C04F79EFBC}") = "HW2ARRAYQ4", "HW2ARRAYQ4\HW2ARRAYQ4.csproj", "{9A8B0709-101B-4B1D-AEF5-E26F88B99AF3}"
EndProject
Project("{FAE04EC0-301F-11D3-BF4B-00C04F79EFBC}") = "HW2ARRAYQ5", "HW2ARRAYQ5\HW2ARRAYQ5.csproj", "{51F3BEB8-FAE1-42A9-B193-0C27C0F2C8EF}"
EndProject
Project("{FAE04EC0-301F-11D3-BF4B-00C04F79EFBC}") = "HW2ARRAYQ7", "HW2ARRAYQ7\HW2ARRAYQ7.csproj", "{3511008C-70ED-4746-A233-A3F58C05E0F0}"
EndProject
Project("{FAE04EC0-301F-11D3-BF4B-00C04F79EFBC}") = "HW1", "HW1\HW1.csproj", "{E5E94870-F82F-4DC6-A997-1F313E543BFF}"
EndProject
Project("{FAE04EC0-301F-11D3-BF4B-00C04F79EFBC}") = "02UnderstandingTypes", "02UnderstandingTypes\02UnderstandingTypes.csproj", "{FF1CD63E-8DF6-4FA2-A58F-335C2211DD14}"
EndProject
Project("{FAE04EC0-301F-11D3-BF4B-00C04F79EFBC}") = "HW1CONSOLEQ2", "HW1CONSOLEQ2\HW1CONSOLEQ2.csproj", "{554D9C72-9DDF-4E75-BB96-B6BB3519C8F5}"
EndProject
Project("{FAE04EC0-301F-11D3-BF4B-00C04F79EFBC}") = "HW1LQ1", "HW1LQ1\HW1LQ1.csproj", "{ED17CCA6-09A0-46CD-AB26-3C58D1ACA821}"
EndProject
Project("{FAE04EC0-301F-11D3-BF4B-00C04F79EFBC}") = "Exercise03", "Exercise03\Exercise03.csproj", "{34B73304-B539-4FB8-B610-86FB7692B098}"
EndProject
Project("{FAE04EC0-301F-11D3-BF4B-00C04F79EFBC}") = "HW1LQ3", "HW1LQ3\HW1LQ3.csproj", "{B01B26C7-F393-4E25-A1EC-F3C31B74B47E}"
EndProject
Project("{FAE04EC0-301F-11D3-BF4B-00C04F79EFBC}") = "HW1LQ2", "HW1LQ2\HW1LQ2.csproj", "{9FC9252D-BCF6-455B-A370-C8F22EF8D511}"
EndProject
Project("{FAE04EC0-301F-11D3-BF4B-00C04F79EFBC}") = "HW1LQ4", "HW1LQ4\HW1LQ4.csproj", "{0E8E1329-51D2-462A-B6D8-7240D11151D3}"
EndProject
Project("{FAE04EC0-301F-11D3-BF4B-00C04F79EFBC}") = "HW1LQ5", "HW1LQ5\HW1LQ5.csproj", "{3A7466F7-FAD5-4FA1-8430-F9F6EF9C2A2C}"
EndProject
Project("{FAE04EC0-301F-11D3-BF4B-00C04F79EFBC}") = "HW1LQ6", "HW1LQ6\HW1LQ6.csproj", "{363AF458-D4C4-4056-9BA4-AB6BD7FCA38E}"
EndProject
Project("{FAE04EC0-301F-11D3-BF4B-00C04F79EFBC}") = "HW2STRQ4", "HW2STRQ4\HW2STRQ4.csproj", "{B5F5383F-BBD2-407B-9DA3-F851DF39CF1E}"
EndProject
Project("{FAE04EC0-301F-11D3-BF4B-00C04F79EFBC}") = "HW2STRQ3", "HW2STRQ3\HW2STRQ3.csproj", "{69C6DB72-1CB0-4CB7-9792-73C110CB3CDE}"
EndProject
Project("{FAE04EC0-301F-11D3-BF4B-00C04F79EFBC}") = "HW2STRQ2", "HW2STRQ2\HW2STRQ2.csproj", "{46CFDC4F-28AE-4A91-AEB1-943AFE52A19A}"
EndProject
Project("{FAE04EC0-301F-11D3-BF4B-00C04F79EFBC}") = "HW2STRQ1", "HW2STRQ1\HW2STRQ1.csproj", "{187E8CF2-2E9A-4004-B5A1-AA098CBC4524}"
EndProject
Global
	GlobalSection(SolutionConfigurationPlatforms) = preSolution
		Debug|Any CPU = Debug|Any CPU
		Release|Any CPU = Release|Any CPU
	EndGlobalSection
	GlobalSection(ProjectConfigurationPlatforms) = postSolution
		{3F4AE1FB-8362-409A-8E3E-B3E1C0CDA4AA}.Debug|Any CPU.ActiveCfg = Debug|Any CPU
		{3F4AE1FB-8362-409A-8E3E-B3E1C0CDA4AA}.Debug|Any CPU.Build.0 = Debug|Any CPU
		{3F4AE1FB-8362-409A-8E3E-B3E1C0CDA4AA}.Release|Any CPU.ActiveCfg = Release|Any CPU
		{3F4AE1FB-8362-409A-8E3E-B3E1C0CDA4AA}.Release|Any CPU.Build.0 = Release|Any CPU
		{B726FF96-B28D-4D7E-A61A-479680F1A594}.Debug|Any CPU.ActiveCfg = Debug|Any CPU
		{B726FF96-B28D-4D7E-A61A-479680F1A594}.Debug|Any CPU.Build.0 = Debug|Any CPU
		{B726FF96-B28D-4D7E-A61A-479680F1A594}.Release|Any CPU.ActiveCfg = Release|Any CPU
		{B726FF96-B28D-4D7E-A61A-479680F1A594}.Release|Any CPU.Build.0 = Release|Any CPU
		{0BFA57C4-1CD5-4831-9A35-F460D330D3BC}.Debug|Any CPU.ActiveCfg = Debug|Any CPU
		{0BFA57C4-1CD5-4831-9A35-F460D330D3BC}.Debug|Any CPU.Build.0 = Debug|Any CPU
		{0BFA57C4-1CD5-4831-9A35-F460D330D3BC}.Release|Any CPU.ActiveCfg = Release|Any CPU
		{0BFA57C4-1CD5-4831-9A35-F460D330D3BC}.Release|Any CPU.Build.0 = Release|Any CPU
		{9A8B0709-101B-4B1D-AEF5-E26F88B99AF3}.Debug|Any CPU.ActiveCfg = Debug|Any CPU
		{9A8B0709-101B-4B1D-AEF5-E26F88B99AF3}.Debug|Any CPU.Build.0 = Debug|Any CPU
		{9A8B0709-101B-4B1D-AEF5-E26F88B99AF3}.Release|Any CPU.ActiveCfg = Release|Any CPU
		{9A8B0709-101B-4B1D-AEF5-E26F88B99AF3}.Release|Any CPU.Build.0 = Release|Any CPU
		{51F3BEB8-FAE1-42A9-B193-0C27C0F2C8EF}.Debug|Any CPU.ActiveCfg = Debug|Any CPU
		{51F3BEB8-FAE1-42A9-B193-0C27C0F2C8EF}.Debug|Any CPU.Build.0 = Debug|Any CPU
		{51F3BEB8-FAE1-42A9-B193-0C27C0F2C8EF}.Release|Any CPU.ActiveCfg = Release|Any CPU
		{51F3BEB8-FAE1-42A9-B193-0C27C0F2C8EF}.Release|Any CPU.Build.0 = Release|Any CPU
		{3511008C-70ED-4746-A233-A3F58C05E0F0}.Debug|Any CPU.ActiveCfg = Debug|Any CPU
		{3511008C-70ED-4746-A233-A3F58C05E0F0}.Debug|Any CPU.Build.0 = Debug|Any CPU
		{3511008C-70ED-4746-A233-A3F58C05E0F0}.Release|Any CPU.ActiveCfg = Release|Any CPU
		{3511008C-70ED-4746-A233-A3F58C05E0F0}.Release|Any CPU.Build.0 = Release|Any CPU
		{E5E94870-F82F-4DC6-A997-1F313E543BFF}.Debug|Any CPU.ActiveCfg = Debug|Any CPU
		{E5E94870-F82F-4DC6-A997-1F313E543BFF}.Debug|Any CPU.Build.0 = Debug|Any CPU
		{E5E94870-F82F-4DC6-A997-1F313E543BFF}.Release|Any CPU.ActiveCfg = Release|Any CPU
		{E5E94870-F82F-4DC6-A997-1F313E543BFF}.Release|Any CPU.Build.0 = Release|Any CPU
		{FF1CD63E-8DF6-4FA2-A58F-335C2211DD14}.Debug|Any CPU.ActiveCfg = Debug|Any CPU
		{FF1CD63E-8DF6-4FA2-A58F-335C2211DD14}.Debug|Any CPU.Build.0 = Debug|Any CPU
		{FF1CD63E-8DF6-4FA2-A58F-335C2211DD14}.Release|Any CPU.ActiveCfg = Release|Any CPU
		{FF1CD63E-8DF6-4FA2-A58F-335C2211DD14}.Release|Any CPU.Build.0 = Release|Any CPU
		{554D9C72-9DDF-4E75-BB96-B6BB3519C8F5}.Debug|Any CPU.ActiveCfg = Debug|Any CPU
		{554D9C72-9DDF-4E75-BB96-B6BB3519C8F5}.Debug|Any CPU.Build.0 = Debug|Any CPU
		{554D9C72-9DDF-4E75-BB96-B6BB3519C8F5}.Release|Any CPU.ActiveCfg = Release|Any CPU
		{554D9C72-9DDF-4E75-BB96-B6BB3519C8F5}.Release|Any CPU.Build.0 = Release|Any CPU
		{ED17CCA6-09A0-46CD-AB26-3C58D1ACA821}.Debug|Any CPU.ActiveCfg = Debug|Any CPU
		{ED17CCA6-09A0-46CD-AB26-3C58D1ACA821}.Debug|Any CPU.Build.0 = Debug|Any CPU
		{ED17CCA6-09A0-46CD-AB26-3C58D1ACA821}.Release|Any CPU.ActiveCfg = Release|Any CPU
		{ED17CCA6-09A0-46CD-AB26-3C58D1ACA821}.Release|Any CPU.Build.0 = Release|Any CPU
		{34B73304-B539-4FB8-B610-86FB7692B098}.Debug|Any CPU.ActiveCfg = Debug|Any CPU
		{34B73304-B539-4FB8-B610-86FB7692B098}.Debug|Any CPU.Build.0 = Debug|Any CPU
		{34B73304-B539-4FB8-B610-86FB7692B098}.Release|Any CPU.ActiveCfg = Release|Any CPU
		{34B73304-B539-4FB8-B610-86FB7692B098}.Release|Any CPU.Build.0 = Release|Any CPU
		{B01B26C7-F393-4E25-A1EC-F3C31B74B47E}.Debug|Any CPU.ActiveCfg = Debug|Any CPU
		{B01B26C7-F393-4E25-A1EC-F3C31B74B47E}.Debug|Any CPU.Build.0 = Debug|Any CPU
		{B01B26C7-F393-4E25-A1EC-F3C31B74B47E}.Release|Any CPU.ActiveCfg = Release|Any CPU
		{B01B26C7-F393-4E25-A1EC-F3C31B74B47E}.Release|Any CPU.Build.0 = Release|Any CPU
		{9FC9252D-BCF6-455B-A370-C8F22EF8D511}.Debug|Any CPU.ActiveCfg = Debug|Any CPU
		{9FC9252D-BCF6-455B-A370-C8F22EF8D511}.Debug|Any CPU.Build.0 = Debug|Any CPU
		{9FC9252D-BCF6-455B-A370-C8F22EF8D511}.Release|Any CPU.ActiveCfg = Release|Any CPU
		{9FC9252D-BCF6-455B-A370-C8F22EF8D511}.Release|Any CPU.Build.0 = Release|Any CPU
		{0E8E1329-51D2-462A-B6D8-7240D11151D3}.Debug|Any CPU.ActiveCfg = Debug|Any CPU
		{0E8E1329-51D2-462A-B6D8-7240D11151D3}.Debug|Any CPU.Build.0 = Debug|Any CPU
		{0E8E1329-51D2-462A-B6D8-7240D11151D3}.Release|Any CPU.ActiveCfg = Release|Any CPU
		{0E8E1329-51D2-462A-B6D8-7240D11151D3}.Release|Any CPU.Build.0 = Release|Any CPU
		{3A7466F7-FAD5-4FA1-8430-F9F6EF9C2A2C}.Debug|Any CPU.ActiveCfg = Debug|Any CPU
		{3A7466F7-FAD5-4FA1-8430-F9F6EF9C2A2C}.Debug|Any CPU.Build.0 = Debug|Any CPU
		{3A7466F7-FAD5-4FA1-8430-F9F6EF9C2A2C}.Release|Any CPU.ActiveCfg = Release|Any CPU
		{3A7466F7-FAD5-4FA1-8430-F9F6EF9C2A2C}.Release|Any CPU.Build.0 = Release|Any CPU
		{363AF458-D4C4-4056-9BA4-AB6BD7FCA38E}.Debug|Any CPU.ActiveCfg = Debug|Any CPU
		{363AF458-D4C4-4056-9BA4-AB6BD7FCA38E}.Debug|Any CPU.Build.0 = Debug|Any CPU
		{363AF458-D4C4-4056-9BA4-AB6BD7FCA38E}.Release|Any CPU.ActiveCfg = Release|Any CPU
		{363AF458-D4C4-4056-9BA4-AB6BD7FCA38E}.Release|Any CPU.Build.0 = Release|Any CPU
		{B5F5383F-BBD2-407B-9DA3-F851DF39CF1E}.Debug|Any CPU.ActiveCfg = Debug|Any CPU
		{B5F5383F-BBD2-407B-9DA3-F851DF39CF1E}.Debug|Any CPU.Build.0 = Debug|Any CPU
		{B5F5383F-BBD2-407B-9DA3-F851DF39CF1E}.Release|Any CPU.ActiveCfg = Release|Any CPU
		{B5F5383F-BBD2-407B-9DA3-F851DF39CF1E}.Release|Any CPU.Build.0 = Release|Any CPU
		{69C6DB72-1CB0-4CB7-9792-73C110CB3CDE}.Debug|Any CPU.ActiveCfg = Debug|Any CPU
		{69C6DB72-1CB0-4CB7-9792-73C110CB3CDE}.Debug|Any CPU.Build.0 = Debug|Any CPU
		{69C6DB72-1CB0-4CB7-9792-73C110CB3CDE}.Release|Any CPU.ActiveCfg = Release|Any CPU
		{69C6DB72-1CB0-4CB7-9792-73C110CB3CDE}.Release|Any CPU.Build.0 = Release|Any CPU
		{46CFDC4F-28AE-4A91-AEB1-943AFE52A19A}.Debug|Any CPU.ActiveCfg = Debug|Any CPU
		{46CFDC4F-28AE-4A91-AEB1-943AFE52A19A}.Debug|Any CPU.Build.0 = Debug|Any CPU
		{46CFDC4F-28AE-4A91-AEB1-943AFE52A19A}.Release|Any CPU.ActiveCfg = Release|Any CPU
		{46CFDC4F-28AE-4A91-AEB1-943AFE52A19A}.Release|Any CPU.Build.0 = Release|Any CPU
		{187E8CF2-2E9A-4004-B5A1-AA098CBC4524}.Debug|Any CPU.ActiveCfg = Debug|Any CPU
		{187E8CF2-2E9A-4004-B5A1-AA098CBC4524}.Debug|Any CPU.Build.0 = Debug|Any CPU
		{187E8CF2-2E9A-4004-B5A1-AA098CBC4524}.Release|Any CPU.ActiveCfg = Release|Any CPU
		{187E8CF2-2E9A-4004-B5A1-AA098CBC4524}.Release|Any CPU.Build.0 = Release|Any CPU
	EndGlobalSection
EndGlobal
