
Microsoft Visual Studio Solution File, Format Version 12.00
# Visual Studio Version 16
VisualStudioVersion = 16.0.31129.286
MinimumVisualStudioVersion = 15.0.26124.0
Project("{9A19103F-16F7-4668-BE54-9A1E7A4F7556}") = "Rabbit.Common", "Common\Rabbit.Common.csproj", "{FD24C6B3-CAB3-4DA1-BC85-BF4F17831EA2}"
EndProject
Project("{2150E333-8FDC-42A3-9474-1A3956D46DE8}") = "Rabbit", "Rabbit", "{15FFD57A-0602-48EC-AA20-DFCD782211F3}"
EndProject
Project("{9A19103F-16F7-4668-BE54-9A1E7A4F7556}") = "Consumer", "Rabbit\Consumer\Consumer.csproj", "{6F358D8D-16BC-4B8B-8637-C5771F5A08CF}"
EndProject
Project("{9A19103F-16F7-4668-BE54-9A1E7A4F7556}") = "Producer", "Rabbit\Producer\Producer.csproj", "{5EE1E1E1-A15C-4307-A1AE-E81D55B28DE7}"
EndProject
Project("{2150E333-8FDC-42A3-9474-1A3956D46DE8}") = "Common", "Common", "{A41216BE-885F-4C80-A054-C7960D53A58E}"
EndProject
Global
	GlobalSection(SolutionConfigurationPlatforms) = preSolution
		Debug|Any CPU = Debug|Any CPU
		Debug|x64 = Debug|x64
		Debug|x86 = Debug|x86
		Release|Any CPU = Release|Any CPU
		Release|x64 = Release|x64
		Release|x86 = Release|x86
	EndGlobalSection
	GlobalSection(ProjectConfigurationPlatforms) = postSolution
		{FD24C6B3-CAB3-4DA1-BC85-BF4F17831EA2}.Debug|Any CPU.ActiveCfg = Debug|Any CPU
		{FD24C6B3-CAB3-4DA1-BC85-BF4F17831EA2}.Debug|Any CPU.Build.0 = Debug|Any CPU
		{FD24C6B3-CAB3-4DA1-BC85-BF4F17831EA2}.Debug|x64.ActiveCfg = Debug|Any CPU
		{FD24C6B3-CAB3-4DA1-BC85-BF4F17831EA2}.Debug|x64.Build.0 = Debug|Any CPU
		{FD24C6B3-CAB3-4DA1-BC85-BF4F17831EA2}.Debug|x86.ActiveCfg = Debug|Any CPU
		{FD24C6B3-CAB3-4DA1-BC85-BF4F17831EA2}.Debug|x86.Build.0 = Debug|Any CPU
		{FD24C6B3-CAB3-4DA1-BC85-BF4F17831EA2}.Release|Any CPU.ActiveCfg = Release|Any CPU
		{FD24C6B3-CAB3-4DA1-BC85-BF4F17831EA2}.Release|Any CPU.Build.0 = Release|Any CPU
		{FD24C6B3-CAB3-4DA1-BC85-BF4F17831EA2}.Release|x64.ActiveCfg = Release|Any CPU
		{FD24C6B3-CAB3-4DA1-BC85-BF4F17831EA2}.Release|x64.Build.0 = Release|Any CPU
		{FD24C6B3-CAB3-4DA1-BC85-BF4F17831EA2}.Release|x86.ActiveCfg = Release|Any CPU
		{FD24C6B3-CAB3-4DA1-BC85-BF4F17831EA2}.Release|x86.Build.0 = Release|Any CPU
		{6F358D8D-16BC-4B8B-8637-C5771F5A08CF}.Debug|Any CPU.ActiveCfg = Debug|Any CPU
		{6F358D8D-16BC-4B8B-8637-C5771F5A08CF}.Debug|Any CPU.Build.0 = Debug|Any CPU
		{6F358D8D-16BC-4B8B-8637-C5771F5A08CF}.Debug|x64.ActiveCfg = Debug|Any CPU
		{6F358D8D-16BC-4B8B-8637-C5771F5A08CF}.Debug|x64.Build.0 = Debug|Any CPU
		{6F358D8D-16BC-4B8B-8637-C5771F5A08CF}.Debug|x86.ActiveCfg = Debug|Any CPU
		{6F358D8D-16BC-4B8B-8637-C5771F5A08CF}.Debug|x86.Build.0 = Debug|Any CPU
		{6F358D8D-16BC-4B8B-8637-C5771F5A08CF}.Release|Any CPU.ActiveCfg = Release|Any CPU
		{6F358D8D-16BC-4B8B-8637-C5771F5A08CF}.Release|Any CPU.Build.0 = Release|Any CPU
		{6F358D8D-16BC-4B8B-8637-C5771F5A08CF}.Release|x64.ActiveCfg = Release|Any CPU
		{6F358D8D-16BC-4B8B-8637-C5771F5A08CF}.Release|x64.Build.0 = Release|Any CPU
		{6F358D8D-16BC-4B8B-8637-C5771F5A08CF}.Release|x86.ActiveCfg = Release|Any CPU
		{6F358D8D-16BC-4B8B-8637-C5771F5A08CF}.Release|x86.Build.0 = Release|Any CPU
		{5EE1E1E1-A15C-4307-A1AE-E81D55B28DE7}.Debug|Any CPU.ActiveCfg = Debug|Any CPU
		{5EE1E1E1-A15C-4307-A1AE-E81D55B28DE7}.Debug|Any CPU.Build.0 = Debug|Any CPU
		{5EE1E1E1-A15C-4307-A1AE-E81D55B28DE7}.Debug|x64.ActiveCfg = Debug|Any CPU
		{5EE1E1E1-A15C-4307-A1AE-E81D55B28DE7}.Debug|x64.Build.0 = Debug|Any CPU
		{5EE1E1E1-A15C-4307-A1AE-E81D55B28DE7}.Debug|x86.ActiveCfg = Debug|Any CPU
		{5EE1E1E1-A15C-4307-A1AE-E81D55B28DE7}.Debug|x86.Build.0 = Debug|Any CPU
		{5EE1E1E1-A15C-4307-A1AE-E81D55B28DE7}.Release|Any CPU.ActiveCfg = Release|Any CPU
		{5EE1E1E1-A15C-4307-A1AE-E81D55B28DE7}.Release|Any CPU.Build.0 = Release|Any CPU
		{5EE1E1E1-A15C-4307-A1AE-E81D55B28DE7}.Release|x64.ActiveCfg = Release|Any CPU
		{5EE1E1E1-A15C-4307-A1AE-E81D55B28DE7}.Release|x64.Build.0 = Release|Any CPU
		{5EE1E1E1-A15C-4307-A1AE-E81D55B28DE7}.Release|x86.ActiveCfg = Release|Any CPU
		{5EE1E1E1-A15C-4307-A1AE-E81D55B28DE7}.Release|x86.Build.0 = Release|Any CPU
	EndGlobalSection
	GlobalSection(SolutionProperties) = preSolution
		HideSolutionNode = FALSE
	EndGlobalSection
	GlobalSection(NestedProjects) = preSolution
		{FD24C6B3-CAB3-4DA1-BC85-BF4F17831EA2} = {A41216BE-885F-4C80-A054-C7960D53A58E}
		{6F358D8D-16BC-4B8B-8637-C5771F5A08CF} = {15FFD57A-0602-48EC-AA20-DFCD782211F3}
		{5EE1E1E1-A15C-4307-A1AE-E81D55B28DE7} = {15FFD57A-0602-48EC-AA20-DFCD782211F3}
	EndGlobalSection
	GlobalSection(ExtensibilityGlobals) = postSolution
		SolutionGuid = {AA822F8C-ACA8-4561-A15E-EE4AFF691C33}
	EndGlobalSection
EndGlobal
